
Microsoft Visual Studio Solution File, Format Version 12.00
# Visual Studio 15
VisualStudioVersion = 15.0.28307.2092
MinimumVisualStudioVersion = 10.0.40219.1
Project("{FAE04EC0-301F-11D3-BF4B-00C04F79EFBC}") = "B2B_API", "B2B_API.csproj", "{76C5AEE7-A414-4742-8695-23CD3EEE8297}"
EndProject
Project("{FAE04EC0-301F-11D3-BF4B-00C04F79EFBC}") = "B2B.Ent.CM", "..\Ent\B2B.Ent.CM\B2B.Ent.CM.csproj", "{459D8BD1-A9D8-42B5-90D9-34EE91545E21}"
EndProject
Project("{FAE04EC0-301F-11D3-BF4B-00C04F79EFBC}") = "B2B.Dat.CM", "..\Dat\B2B.Dat.CM\B2B.Dat.CM.csproj", "{D6C49FB2-469E-43BD-9687-687C8C9F9FD2}"
EndProject
Project("{FAE04EC0-301F-11D3-BF4B-00C04F79EFBC}") = "B2B.Bus.CM", "..\Bus\B2B.Bus.CM\B2B.Bus.CM.csproj", "{6E54B0A9-76CE-4E56-87AC-029B87F049FA}"
EndProject
Project("{FAE04EC0-301F-11D3-BF4B-00C04F79EFBC}") = "B2B.Dat.SL", "..\Dat\B2B.Dat.SL\B2B.Dat.SL.csproj", "{459443F8-D2D6-495A-8BD3-5AFDEFCC1D9B}"
EndProject
Project("{FAE04EC0-301F-11D3-BF4B-00C04F79EFBC}") = "B2B.Ent.SL", "..\Ent\B2B.Ent.SL\B2B.Ent.SL.csproj", "{2125D63D-D30C-4DCA-ACC5-C50C6B03EA44}"
EndProject
Project("{FAE04EC0-301F-11D3-BF4B-00C04F79EFBC}") = "B2B.Bus.SL", "..\Bus\B2B.Bus.SL\B2B.Bus.SL.csproj", "{F0B2C397-A205-4060-ACB1-219FDF06FA67}"
EndProject
Project("{FAE04EC0-301F-11D3-BF4B-00C04F79EFBC}") = "B2B.Dat.AB", "..\Dat\B2B.Dat.AB\B2B.Dat.AB.csproj", "{7EC46439-27EF-487E-853C-13B0E499B888}"
EndProject
Project("{FAE04EC0-301F-11D3-BF4B-00C04F79EFBC}") = "B2B.Ent.AB", "..\Ent\B2B.Ent.AB\B2B.Ent.AB.csproj", "{70109A22-4F8B-446B-B211-764AB1478A4D}"
EndProject
Project("{FAE04EC0-301F-11D3-BF4B-00C04F79EFBC}") = "B2B.Bus.AB", "..\Bus\B2B.Bus.AB\B2B.Bus.AB.csproj", "{D8D74B6D-BAD1-404B-AFE0-7D5AF13F75C0}"
EndProject
Project("{FAE04EC0-301F-11D3-BF4B-00C04F79EFBC}") = "B2B.Bus.WI", "..\Bus\B2B.Bus.WI\B2B.Bus.WI.csproj", "{8A599CEE-028F-49D8-AE53-00EE2D667838}"
EndProject
Project("{FAE04EC0-301F-11D3-BF4B-00C04F79EFBC}") = "B2B.Dat.WI", "..\Dat\B2B.Dat.WI\B2B.Dat.WI.csproj", "{76C42465-E7DC-42CD-975D-AEC106201448}"
EndProject
Project("{FAE04EC0-301F-11D3-BF4B-00C04F79EFBC}") = "B2B.Bus.WP", "..\Bus\B2B.Bus.WP\B2B.Bus.WP.csproj", "{58F8422B-DDEC-4F24-9761-02E9A96803CF}"
EndProject
Project("{FAE04EC0-301F-11D3-BF4B-00C04F79EFBC}") = "B2B.Bus.WG", "..\Bus\B2B.Bus.WG\B2B.Bus.WG.csproj", "{410AC6DB-6CF2-4C4C-ACEA-3E52CD654E83}"
EndProject
Project("{FAE04EC0-301F-11D3-BF4B-00C04F79EFBC}") = "B2B.Dat.WP", "..\Dat\B2B.Dat.WP\B2B.Dat.WP.csproj", "{E40830FA-1E14-4CEE-B73C-C9A3CF43DA67}"
EndProject
Project("{FAE04EC0-301F-11D3-BF4B-00C04F79EFBC}") = "B2B.Dat.WG", "..\Dat\B2B.Dat.WG\B2B.Dat.WG.csproj", "{E6F18EC5-DE10-4843-932C-F2CA30D699D6}"
EndProject
Global
	GlobalSection(SolutionConfigurationPlatforms) = preSolution
		Debug|Any CPU = Debug|Any CPU
		Release|Any CPU = Release|Any CPU
	EndGlobalSection
	GlobalSection(ProjectConfigurationPlatforms) = postSolution
		{76C5AEE7-A414-4742-8695-23CD3EEE8297}.Debug|Any CPU.ActiveCfg = Debug|Any CPU
		{76C5AEE7-A414-4742-8695-23CD3EEE8297}.Debug|Any CPU.Build.0 = Debug|Any CPU
		{76C5AEE7-A414-4742-8695-23CD3EEE8297}.Release|Any CPU.ActiveCfg = Release|Any CPU
		{76C5AEE7-A414-4742-8695-23CD3EEE8297}.Release|Any CPU.Build.0 = Release|Any CPU
		{459D8BD1-A9D8-42B5-90D9-34EE91545E21}.Debug|Any CPU.ActiveCfg = Debug|Any CPU
		{459D8BD1-A9D8-42B5-90D9-34EE91545E21}.Debug|Any CPU.Build.0 = Debug|Any CPU
		{459D8BD1-A9D8-42B5-90D9-34EE91545E21}.Release|Any CPU.ActiveCfg = Release|Any CPU
		{459D8BD1-A9D8-42B5-90D9-34EE91545E21}.Release|Any CPU.Build.0 = Release|Any CPU
		{D6C49FB2-469E-43BD-9687-687C8C9F9FD2}.Debug|Any CPU.ActiveCfg = Debug|Any CPU
		{D6C49FB2-469E-43BD-9687-687C8C9F9FD2}.Debug|Any CPU.Build.0 = Debug|Any CPU
		{D6C49FB2-469E-43BD-9687-687C8C9F9FD2}.Release|Any CPU.ActiveCfg = Release|Any CPU
		{D6C49FB2-469E-43BD-9687-687C8C9F9FD2}.Release|Any CPU.Build.0 = Release|Any CPU
		{6E54B0A9-76CE-4E56-87AC-029B87F049FA}.Debug|Any CPU.ActiveCfg = Debug|Any CPU
		{6E54B0A9-76CE-4E56-87AC-029B87F049FA}.Debug|Any CPU.Build.0 = Debug|Any CPU
		{6E54B0A9-76CE-4E56-87AC-029B87F049FA}.Release|Any CPU.ActiveCfg = Release|Any CPU
		{6E54B0A9-76CE-4E56-87AC-029B87F049FA}.Release|Any CPU.Build.0 = Release|Any CPU
		{459443F8-D2D6-495A-8BD3-5AFDEFCC1D9B}.Debug|Any CPU.ActiveCfg = Debug|Any CPU
		{459443F8-D2D6-495A-8BD3-5AFDEFCC1D9B}.Debug|Any CPU.Build.0 = Debug|Any CPU
		{459443F8-D2D6-495A-8BD3-5AFDEFCC1D9B}.Release|Any CPU.ActiveCfg = Release|Any CPU
		{459443F8-D2D6-495A-8BD3-5AFDEFCC1D9B}.Release|Any CPU.Build.0 = Release|Any CPU
		{2125D63D-D30C-4DCA-ACC5-C50C6B03EA44}.Debug|Any CPU.ActiveCfg = Debug|Any CPU
		{2125D63D-D30C-4DCA-ACC5-C50C6B03EA44}.Debug|Any CPU.Build.0 = Debug|Any CPU
		{2125D63D-D30C-4DCA-ACC5-C50C6B03EA44}.Release|Any CPU.ActiveCfg = Release|Any CPU
		{2125D63D-D30C-4DCA-ACC5-C50C6B03EA44}.Release|Any CPU.Build.0 = Release|Any CPU
		{F0B2C397-A205-4060-ACB1-219FDF06FA67}.Debug|Any CPU.ActiveCfg = Debug|Any CPU
		{F0B2C397-A205-4060-ACB1-219FDF06FA67}.Debug|Any CPU.Build.0 = Debug|Any CPU
		{F0B2C397-A205-4060-ACB1-219FDF06FA67}.Release|Any CPU.ActiveCfg = Release|Any CPU
		{F0B2C397-A205-4060-ACB1-219FDF06FA67}.Release|Any CPU.Build.0 = Release|Any CPU
		{7EC46439-27EF-487E-853C-13B0E499B888}.Debug|Any CPU.ActiveCfg = Debug|Any CPU
		{7EC46439-27EF-487E-853C-13B0E499B888}.Debug|Any CPU.Build.0 = Debug|Any CPU
		{7EC46439-27EF-487E-853C-13B0E499B888}.Release|Any CPU.ActiveCfg = Release|Any CPU
		{7EC46439-27EF-487E-853C-13B0E499B888}.Release|Any CPU.Build.0 = Release|Any CPU
		{70109A22-4F8B-446B-B211-764AB1478A4D}.Debug|Any CPU.ActiveCfg = Debug|Any CPU
		{70109A22-4F8B-446B-B211-764AB1478A4D}.Debug|Any CPU.Build.0 = Debug|Any CPU
		{70109A22-4F8B-446B-B211-764AB1478A4D}.Release|Any CPU.ActiveCfg = Release|Any CPU
		{70109A22-4F8B-446B-B211-764AB1478A4D}.Release|Any CPU.Build.0 = Release|Any CPU
		{D8D74B6D-BAD1-404B-AFE0-7D5AF13F75C0}.Debug|Any CPU.ActiveCfg = Debug|Any CPU
		{D8D74B6D-BAD1-404B-AFE0-7D5AF13F75C0}.Debug|Any CPU.Build.0 = Debug|Any CPU
		{D8D74B6D-BAD1-404B-AFE0-7D5AF13F75C0}.Release|Any CPU.ActiveCfg = Release|Any CPU
		{D8D74B6D-BAD1-404B-AFE0-7D5AF13F75C0}.Release|Any CPU.Build.0 = Release|Any CPU
		{8A599CEE-028F-49D8-AE53-00EE2D667838}.Debug|Any CPU.ActiveCfg = Debug|Any CPU
		{8A599CEE-028F-49D8-AE53-00EE2D667838}.Debug|Any CPU.Build.0 = Debug|Any CPU
		{8A599CEE-028F-49D8-AE53-00EE2D667838}.Release|Any CPU.ActiveCfg = Release|Any CPU
		{8A599CEE-028F-49D8-AE53-00EE2D667838}.Release|Any CPU.Build.0 = Release|Any CPU
		{76C42465-E7DC-42CD-975D-AEC106201448}.Debug|Any CPU.ActiveCfg = Debug|Any CPU
		{76C42465-E7DC-42CD-975D-AEC106201448}.Debug|Any CPU.Build.0 = Debug|Any CPU
		{76C42465-E7DC-42CD-975D-AEC106201448}.Release|Any CPU.ActiveCfg = Release|Any CPU
		{76C42465-E7DC-42CD-975D-AEC106201448}.Release|Any CPU.Build.0 = Release|Any CPU
		{58F8422B-DDEC-4F24-9761-02E9A96803CF}.Debug|Any CPU.ActiveCfg = Debug|Any CPU
		{58F8422B-DDEC-4F24-9761-02E9A96803CF}.Debug|Any CPU.Build.0 = Debug|Any CPU
		{58F8422B-DDEC-4F24-9761-02E9A96803CF}.Release|Any CPU.ActiveCfg = Release|Any CPU
		{58F8422B-DDEC-4F24-9761-02E9A96803CF}.Release|Any CPU.Build.0 = Release|Any CPU
		{410AC6DB-6CF2-4C4C-ACEA-3E52CD654E83}.Debug|Any CPU.ActiveCfg = Debug|Any CPU
		{410AC6DB-6CF2-4C4C-ACEA-3E52CD654E83}.Debug|Any CPU.Build.0 = Debug|Any CPU
		{410AC6DB-6CF2-4C4C-ACEA-3E52CD654E83}.Release|Any CPU.ActiveCfg = Release|Any CPU
		{410AC6DB-6CF2-4C4C-ACEA-3E52CD654E83}.Release|Any CPU.Build.0 = Release|Any CPU
		{E40830FA-1E14-4CEE-B73C-C9A3CF43DA67}.Debug|Any CPU.ActiveCfg = Debug|Any CPU
		{E40830FA-1E14-4CEE-B73C-C9A3CF43DA67}.Debug|Any CPU.Build.0 = Debug|Any CPU
		{E40830FA-1E14-4CEE-B73C-C9A3CF43DA67}.Release|Any CPU.ActiveCfg = Release|Any CPU
		{E40830FA-1E14-4CEE-B73C-C9A3CF43DA67}.Release|Any CPU.Build.0 = Release|Any CPU
		{E6F18EC5-DE10-4843-932C-F2CA30D699D6}.Debug|Any CPU.ActiveCfg = Debug|Any CPU
		{E6F18EC5-DE10-4843-932C-F2CA30D699D6}.Debug|Any CPU.Build.0 = Debug|Any CPU
		{E6F18EC5-DE10-4843-932C-F2CA30D699D6}.Release|Any CPU.ActiveCfg = Release|Any CPU
		{E6F18EC5-DE10-4843-932C-F2CA30D699D6}.Release|Any CPU.Build.0 = Release|Any CPU
	EndGlobalSection
	GlobalSection(SolutionProperties) = preSolution
		HideSolutionNode = FALSE
	EndGlobalSection
	GlobalSection(ExtensibilityGlobals) = postSolution
		SolutionGuid = {EAC85EF1-4529-4097-95EA-362EBDC3BA6F}
	EndGlobalSection
EndGlobal
